// !$*UTF8*$!
{
	archiveVersion = 1;
	classes = {
	};
	objectVersion = 77;
	objects = {

/* Begin PBXBuildFile section */
		EB0E1B1A2E62838E0060F834 /* WidgetKit.framework in Frameworks */ = {isa = PBXBuildFile; fileRef = EBB762E62E59536C00AAA8C1 /* WidgetKit.framework */; };
		EB0E1B1B2E62838E0060F834 /* SwiftUI.framework in Frameworks */ = {isa = PBXBuildFile; fileRef = EBB762E82E59536C00AAA8C1 /* SwiftUI.framework */; };
		EB0E1B282E62838F0060F834 /* MygraWidgetsExtension.appex in Embed Foundation Extensions */ = {isa = PBXBuildFile; fileRef = EB0E1B192E62838E0060F834 /* MygraWidgetsExtension.appex */; settings = {ATTRIBUTES = (RemoveHeadersOnCopy, ); }; };
		EB290BA22E2494AB0061B1D0 /* README.md in Resources */ = {isa = PBXBuildFile; fileRef = EB290BA12E2494AB0061B1D0 /* README.md */; };
/* End PBXBuildFile section */

/* Begin PBXContainerItemProxy section */
		EB0E1B262E62838F0060F834 /* PBXContainerItemProxy */ = {
			isa = PBXContainerItemProxy;
			containerPortal = EB290AC52E244A200061B1D0 /* Project object */;
			proxyType = 1;
			remoteGlobalIDString = EB0E1B182E62838E0060F834;
			remoteInfo = MygraWidgetsExtension;
		};
		EB290ADF2E244A210061B1D0 /* PBXContainerItemProxy */ = {
			isa = PBXContainerItemProxy;
			containerPortal = EB290AC52E244A200061B1D0 /* Project object */;
			proxyType = 1;
			remoteGlobalIDString = EB290ACC2E244A200061B1D0;
			remoteInfo = Mygra;
		};
		EB290AE92E244A210061B1D0 /* PBXContainerItemProxy */ = {
			isa = PBXContainerItemProxy;
			containerPortal = EB290AC52E244A200061B1D0 /* Project object */;
			proxyType = 1;
			remoteGlobalIDString = EB290ACC2E244A200061B1D0;
			remoteInfo = Mygra;
		};
/* End PBXContainerItemProxy section */

/* Begin PBXCopyFilesBuildPhase section */
		EBB762FF2E59536D00AAA8C1 /* Embed Foundation Extensions */ = {
			isa = PBXCopyFilesBuildPhase;
			buildActionMask = 2147483647;
			dstPath = "";
			dstSubfolderSpec = 13;
			files = (
				EB0E1B282E62838F0060F834 /* MygraWidgetsExtension.appex in Embed Foundation Extensions */,
			);
			name = "Embed Foundation Extensions";
			runOnlyForDeploymentPostprocessing = 0;
		};
/* End PBXCopyFilesBuildPhase section */

/* Begin PBXFileReference section */
		EB01AE952E7A01D900034627 /* MygraWidgetsExtension.entitlements */ = {isa = PBXFileReference; lastKnownFileType = text.plist.entitlements; path = MygraWidgetsExtension.entitlements; sourceTree = "<group>"; };
		EB0E1B192E62838E0060F834 /* MygraWidgetsExtension.appex */ = {isa = PBXFileReference; explicitFileType = "wrapper.app-extension"; includeInIndex = 0; path = MygraWidgetsExtension.appex; sourceTree = BUILT_PRODUCTS_DIR; };
		EB290ACD2E244A200061B1D0 /* Mygra.app */ = {isa = PBXFileReference; explicitFileType = wrapper.application; includeInIndex = 0; path = Mygra.app; sourceTree = BUILT_PRODUCTS_DIR; };
		EB290ADE2E244A210061B1D0 /* MygraTests.xctest */ = {isa = PBXFileReference; explicitFileType = wrapper.cfbundle; includeInIndex = 0; path = MygraTests.xctest; sourceTree = BUILT_PRODUCTS_DIR; };
		EB290AE82E244A210061B1D0 /* MygraUITests.xctest */ = {isa = PBXFileReference; explicitFileType = wrapper.cfbundle; includeInIndex = 0; path = MygraUITests.xctest; sourceTree = BUILT_PRODUCTS_DIR; };
		EB290BA12E2494AB0061B1D0 /* README.md */ = {isa = PBXFileReference; lastKnownFileType = net.daringfireball.markdown; path = README.md; sourceTree = "<group>"; };
		EBB762E62E59536C00AAA8C1 /* WidgetKit.framework */ = {isa = PBXFileReference; lastKnownFileType = wrapper.framework; name = WidgetKit.framework; path = System/Library/Frameworks/WidgetKit.framework; sourceTree = SDKROOT; };
		EBB762E82E59536C00AAA8C1 /* SwiftUI.framework */ = {isa = PBXFileReference; lastKnownFileType = wrapper.framework; name = SwiftUI.framework; path = System/Library/Frameworks/SwiftUI.framework; sourceTree = SDKROOT; };
/* End PBXFileReference section */

/* Begin PBXFileSystemSynchronizedBuildFileExceptionSet section */
		EB0E1B2C2E62838F0060F834 /* Exceptions for "MygraWidgets" folder in "MygraWidgetsExtension" target */ = {
			isa = PBXFileSystemSynchronizedBuildFileExceptionSet;
			membershipExceptions = (
				Info.plist,
			);
			target = EB0E1B182E62838E0060F834 /* MygraWidgetsExtension */;
		};
		EB0E1B2E2E6283FC0060F834 /* Exceptions for "Mygra" folder in "MygraWidgetsExtension" target */ = {
			isa = PBXFileSystemSynchronizedBuildFileExceptionSet;
			membershipExceptions = (
				Errors/HealthError.swift,
				Errors/MigraineError.swift,
				"Extensions/MigraineActivityAttributes.ContentState-sample.swift",
				Managers/HealthManager.swift,
				Managers/MigraineManager.swift,
				Models/DedupeKey.swift,
				Models/Enumerations/BiologicalSex.swift,
				Models/Enumerations/InsightCategory.swift,
				Models/Enumerations/InsightPriority.swift,
				Models/Enumerations/MenstrualPhase.swift,
				Models/Enumerations/MigraineTrigger.swift,
				Models/Enumerations/Severity.swift,
				Models/HealthData.swift,
				Models/Insight.swift,
				Models/Migraine.swift,
				Models/MigraineFilter.swift,
				Models/WeatherData.swift,
			);
			target = EB0E1B182E62838E0060F834 /* MygraWidgetsExtension */;
		};
		EB0E1B3A2E62851E0060F834 /* Exceptions for "MygraWidgets" folder in "Mygra" target */ = {
			isa = PBXFileSystemSynchronizedBuildFileExceptionSet;
			membershipExceptions = (
				MigraineActivityCenter.swift,
				MygraWidgetsDaysSinceLastMigraine.swift,
				MygraWidgetsLiveActivity.swift,
			);
			target = EB290ACC2E244A200061B1D0 /* Mygra */;
		};
		EB290AF02E244A210061B1D0 /* Exceptions for "Mygra" folder in "Mygra" target */ = {
			isa = PBXFileSystemSynchronizedBuildFileExceptionSet;
			membershipExceptions = (
				Info.plist,
			);
			target = EB290ACC2E244A200061B1D0 /* Mygra */;
		};
/* End PBXFileSystemSynchronizedBuildFileExceptionSet section */

/* Begin PBXFileSystemSynchronizedRootGroup section */
		EB0E1B1C2E62838E0060F834 /* MygraWidgets */ = {
			isa = PBXFileSystemSynchronizedRootGroup;
			exceptions = (
				EB0E1B3A2E62851E0060F834 /* Exceptions for "MygraWidgets" folder in "Mygra" target */,
				EB0E1B2C2E62838F0060F834 /* Exceptions for "MygraWidgets" folder in "MygraWidgetsExtension" target */,
			);
			path = MygraWidgets;
			sourceTree = "<group>";
		};
		EB290ACF2E244A200061B1D0 /* Mygra */ = {
			isa = PBXFileSystemSynchronizedRootGroup;
			exceptions = (
				EB290AF02E244A210061B1D0 /* Exceptions for "Mygra" folder in "Mygra" target */,
				EB0E1B2E2E6283FC0060F834 /* Exceptions for "Mygra" folder in "MygraWidgetsExtension" target */,
			);
			path = Mygra;
			sourceTree = "<group>";
		};
		EB290AE12E244A210061B1D0 /* MygraTests */ = {
			isa = PBXFileSystemSynchronizedRootGroup;
			path = MygraTests;
			sourceTree = "<group>";
		};
		EB290AEB2E244A210061B1D0 /* MygraUITests */ = {
			isa = PBXFileSystemSynchronizedRootGroup;
			path = MygraUITests;
			sourceTree = "<group>";
		};
/* End PBXFileSystemSynchronizedRootGroup section */

/* Begin PBXFrameworksBuildPhase section */
		EB0E1B162E62838E0060F834 /* Frameworks */ = {
			isa = PBXFrameworksBuildPhase;
			buildActionMask = 2147483647;
			files = (
				EB0E1B1B2E62838E0060F834 /* SwiftUI.framework in Frameworks */,
				EB0E1B1A2E62838E0060F834 /* WidgetKit.framework in Frameworks */,
			);
			runOnlyForDeploymentPostprocessing = 0;
		};
		EB290ACA2E244A200061B1D0 /* Frameworks */ = {
			isa = PBXFrameworksBuildPhase;
			buildActionMask = 2147483647;
			files = (
			);
			runOnlyForDeploymentPostprocessing = 0;
		};
		EB290ADB2E244A210061B1D0 /* Frameworks */ = {
			isa = PBXFrameworksBuildPhase;
			buildActionMask = 2147483647;
			files = (
			);
			runOnlyForDeploymentPostprocessing = 0;
		};
		EB290AE52E244A210061B1D0 /* Frameworks */ = {
			isa = PBXFrameworksBuildPhase;
			buildActionMask = 2147483647;
			files = (
			);
			runOnlyForDeploymentPostprocessing = 0;
		};
/* End PBXFrameworksBuildPhase section */

/* Begin PBXGroup section */
		EB290AC42E244A200061B1D0 = {
			isa = PBXGroup;
			children = (
				EB01AE952E7A01D900034627 /* MygraWidgetsExtension.entitlements */,
				EB290BA12E2494AB0061B1D0 /* README.md */,
				EB290ACF2E244A200061B1D0 /* Mygra */,
				EB290AE12E244A210061B1D0 /* MygraTests */,
				EB290AEB2E244A210061B1D0 /* MygraUITests */,
				EB0E1B1C2E62838E0060F834 /* MygraWidgets */,
				EBB762E52E59536C00AAA8C1 /* Frameworks */,
				EB290ACE2E244A200061B1D0 /* Products */,
			);
			sourceTree = "<group>";
		};
		EB290ACE2E244A200061B1D0 /* Products */ = {
			isa = PBXGroup;
			children = (
				EB290ACD2E244A200061B1D0 /* Mygra.app */,
				EB290ADE2E244A210061B1D0 /* MygraTests.xctest */,
				EB290AE82E244A210061B1D0 /* MygraUITests.xctest */,
				EB0E1B192E62838E0060F834 /* MygraWidgetsExtension.appex */,
			);
			name = Products;
			sourceTree = "<group>";
		};
		EBB762E52E59536C00AAA8C1 /* Frameworks */ = {
			isa = PBXGroup;
			children = (
				EBB762E62E59536C00AAA8C1 /* WidgetKit.framework */,
				EBB762E82E59536C00AAA8C1 /* SwiftUI.framework */,
			);
			name = Frameworks;
			sourceTree = "<group>";
		};
/* End PBXGroup section */

/* Begin PBXNativeTarget section */
		EB0E1B182E62838E0060F834 /* MygraWidgetsExtension */ = {
			isa = PBXNativeTarget;
			buildConfigurationList = EB0E1B292E62838F0060F834 /* Build configuration list for PBXNativeTarget "MygraWidgetsExtension" */;
			buildPhases = (
				EB0E1B152E62838E0060F834 /* Sources */,
				EB0E1B162E62838E0060F834 /* Frameworks */,
				EB0E1B172E62838E0060F834 /* Resources */,
			);
			buildRules = (
			);
			dependencies = (
			);
			fileSystemSynchronizedGroups = (
				EB0E1B1C2E62838E0060F834 /* MygraWidgets */,
			);
			name = MygraWidgetsExtension;
			packageProductDependencies = (
			);
			productName = MygraWidgetsExtension;
			productReference = EB0E1B192E62838E0060F834 /* MygraWidgetsExtension.appex */;
			productType = "com.apple.product-type.app-extension";
		};
		EB290ACC2E244A200061B1D0 /* Mygra */ = {
			isa = PBXNativeTarget;
			buildConfigurationList = EB290AF12E244A210061B1D0 /* Build configuration list for PBXNativeTarget "Mygra" */;
			buildPhases = (
				EB290AC92E244A200061B1D0 /* Sources */,
				EB290ACA2E244A200061B1D0 /* Frameworks */,
				EB290ACB2E244A200061B1D0 /* Resources */,
				EBB762FF2E59536D00AAA8C1 /* Embed Foundation Extensions */,
			);
			buildRules = (
			);
			dependencies = (
				EB0E1B272E62838F0060F834 /* PBXTargetDependency */,
			);
			fileSystemSynchronizedGroups = (
				EB290ACF2E244A200061B1D0 /* Mygra */,
			);
			name = Mygra;
			packageProductDependencies = (
			);
			productName = Mygra;
			productReference = EB290ACD2E244A200061B1D0 /* Mygra.app */;
			productType = "com.apple.product-type.application";
		};
		EB290ADD2E244A210061B1D0 /* MygraTests */ = {
			isa = PBXNativeTarget;
			buildConfigurationList = EB290AF62E244A210061B1D0 /* Build configuration list for PBXNativeTarget "MygraTests" */;
			buildPhases = (
				EB290ADA2E244A210061B1D0 /* Sources */,
				EB290ADB2E244A210061B1D0 /* Frameworks */,
				EB290ADC2E244A210061B1D0 /* Resources */,
			);
			buildRules = (
			);
			dependencies = (
				EB290AE02E244A210061B1D0 /* PBXTargetDependency */,
			);
			fileSystemSynchronizedGroups = (
				EB290AE12E244A210061B1D0 /* MygraTests */,
			);
			name = MygraTests;
			packageProductDependencies = (
			);
			productName = MygraTests;
			productReference = EB290ADE2E244A210061B1D0 /* MygraTests.xctest */;
			productType = "com.apple.product-type.bundle.unit-test";
		};
		EB290AE72E244A210061B1D0 /* MygraUITests */ = {
			isa = PBXNativeTarget;
			buildConfigurationList = EB290AF92E244A210061B1D0 /* Build configuration list for PBXNativeTarget "MygraUITests" */;
			buildPhases = (
				EB290AE42E244A210061B1D0 /* Sources */,
				EB290AE52E244A210061B1D0 /* Frameworks */,
				EB290AE62E244A210061B1D0 /* Resources */,
			);
			buildRules = (
			);
			dependencies = (
				EB290AEA2E244A210061B1D0 /* PBXTargetDependency */,
			);
			fileSystemSynchronizedGroups = (
				EB290AEB2E244A210061B1D0 /* MygraUITests */,
			);
			name = MygraUITests;
			packageProductDependencies = (
			);
			productName = MygraUITests;
			productReference = EB290AE82E244A210061B1D0 /* MygraUITests.xctest */;
			productType = "com.apple.product-type.bundle.ui-testing";
		};
/* End PBXNativeTarget section */

/* Begin PBXProject section */
		EB290AC52E244A200061B1D0 /* Project object */ = {
			isa = PBXProject;
			attributes = {
				BuildIndependentTargetsInParallel = 1;
				LastSwiftUpdateCheck = 2600;
				LastUpgradeCheck = 2600;
				TargetAttributes = {
					EB0E1B182E62838E0060F834 = {
						CreatedOnToolsVersion = 26.0;
					};
					EB290ACC2E244A200061B1D0 = {
						CreatedOnToolsVersion = 26.0;
					};
					EB290ADD2E244A210061B1D0 = {
						CreatedOnToolsVersion = 26.0;
						TestTargetID = EB290ACC2E244A200061B1D0;
					};
					EB290AE72E244A210061B1D0 = {
						CreatedOnToolsVersion = 26.0;
						TestTargetID = EB290ACC2E244A200061B1D0;
					};
				};
			};
			buildConfigurationList = EB290AC82E244A200061B1D0 /* Build configuration list for PBXProject "Mygra" */;
			developmentRegion = en;
			hasScannedForEncodings = 0;
			knownRegions = (
				en,
				Base,
			);
			mainGroup = EB290AC42E244A200061B1D0;
			minimizedProjectReferenceProxies = 1;
			preferredProjectObjectVersion = 77;
			productRefGroup = EB290ACE2E244A200061B1D0 /* Products */;
			projectDirPath = "";
			projectRoot = "";
			targets = (
				EB290ACC2E244A200061B1D0 /* Mygra */,
				EB290ADD2E244A210061B1D0 /* MygraTests */,
				EB290AE72E244A210061B1D0 /* MygraUITests */,
				EB0E1B182E62838E0060F834 /* MygraWidgetsExtension */,
			);
		};
/* End PBXProject section */

/* Begin PBXResourcesBuildPhase section */
		EB0E1B172E62838E0060F834 /* Resources */ = {
			isa = PBXResourcesBuildPhase;
			buildActionMask = 2147483647;
			files = (
			);
			runOnlyForDeploymentPostprocessing = 0;
		};
		EB290ACB2E244A200061B1D0 /* Resources */ = {
			isa = PBXResourcesBuildPhase;
			buildActionMask = 2147483647;
			files = (
				EB290BA22E2494AB0061B1D0 /* README.md in Resources */,
			);
			runOnlyForDeploymentPostprocessing = 0;
		};
		EB290ADC2E244A210061B1D0 /* Resources */ = {
			isa = PBXResourcesBuildPhase;
			buildActionMask = 2147483647;
			files = (
			);
			runOnlyForDeploymentPostprocessing = 0;
		};
		EB290AE62E244A210061B1D0 /* Resources */ = {
			isa = PBXResourcesBuildPhase;
			buildActionMask = 2147483647;
			files = (
			);
			runOnlyForDeploymentPostprocessing = 0;
		};
/* End PBXResourcesBuildPhase section */

/* Begin PBXSourcesBuildPhase section */
		EB0E1B152E62838E0060F834 /* Sources */ = {
			isa = PBXSourcesBuildPhase;
			buildActionMask = 2147483647;
			files = (
			);
			runOnlyForDeploymentPostprocessing = 0;
		};
		EB290AC92E244A200061B1D0 /* Sources */ = {
			isa = PBXSourcesBuildPhase;
			buildActionMask = 2147483647;
			files = (
			);
			runOnlyForDeploymentPostprocessing = 0;
		};
		EB290ADA2E244A210061B1D0 /* Sources */ = {
			isa = PBXSourcesBuildPhase;
			buildActionMask = 2147483647;
			files = (
			);
			runOnlyForDeploymentPostprocessing = 0;
		};
		EB290AE42E244A210061B1D0 /* Sources */ = {
			isa = PBXSourcesBuildPhase;
			buildActionMask = 2147483647;
			files = (
			);
			runOnlyForDeploymentPostprocessing = 0;
		};
/* End PBXSourcesBuildPhase section */

/* Begin PBXTargetDependency section */
		EB0E1B272E62838F0060F834 /* PBXTargetDependency */ = {
			isa = PBXTargetDependency;
			target = EB0E1B182E62838E0060F834 /* MygraWidgetsExtension */;
			targetProxy = EB0E1B262E62838F0060F834 /* PBXContainerItemProxy */;
		};
		EB290AE02E244A210061B1D0 /* PBXTargetDependency */ = {
			isa = PBXTargetDependency;
			target = EB290ACC2E244A200061B1D0 /* Mygra */;
			targetProxy = EB290ADF2E244A210061B1D0 /* PBXContainerItemProxy */;
		};
		EB290AEA2E244A210061B1D0 /* PBXTargetDependency */ = {
			isa = PBXTargetDependency;
			target = EB290ACC2E244A200061B1D0 /* Mygra */;
			targetProxy = EB290AE92E244A210061B1D0 /* PBXContainerItemProxy */;
		};
/* End PBXTargetDependency section */

/* Begin XCBuildConfiguration section */
		EB0E1B2A2E62838F0060F834 /* Debug */ = {
			isa = XCBuildConfiguration;
			buildSettings = {
				ASSETCATALOG_COMPILER_GLOBAL_ACCENT_COLOR_NAME = AccentColor;
				ASSETCATALOG_COMPILER_WIDGET_BACKGROUND_COLOR_NAME = WidgetBackground;
				CODE_SIGN_ENTITLEMENTS = MygraWidgetsExtension.entitlements;
				CODE_SIGN_STYLE = Automatic;
				CURRENT_PROJECT_VERSION = 22;
				DEVELOPMENT_TEAM = R8Q8DM58C6;
				GENERATE_INFOPLIST_FILE = YES;
				INFOPLIST_FILE = MygraWidgets/Info.plist;
				INFOPLIST_KEY_CFBundleDisplayName = MygraWidgets;
				INFOPLIST_KEY_ITSAppUsesNonExemptEncryption = NO;
				INFOPLIST_KEY_NSHumanReadableCopyright = "";
				IPHONEOS_DEPLOYMENT_TARGET = 18.0;
				LD_RUNPATH_SEARCH_PATHS = (
					"$(inherited)",
					"@executable_path/Frameworks",
					"@executable_path/../../Frameworks",
				);
				MARKETING_VERSION = 1.2.0;
				PRODUCT_BUNDLE_IDENTIFIER = com.molargiksoftware.Mygra.MygraWidgets;
				PRODUCT_NAME = "$(TARGET_NAME)";
				SDKROOT = iphoneos;
				SKIP_INSTALL = YES;
				STRING_CATALOG_GENERATE_SYMBOLS = YES;
				SWIFT_APPROACHABLE_CONCURRENCY = YES;
				SWIFT_EMIT_LOC_STRINGS = YES;
				SWIFT_UPCOMING_FEATURE_MEMBER_IMPORT_VISIBILITY = YES;
				SWIFT_VERSION = 5.0;
				TARGETED_DEVICE_FAMILY = "1,2";
			};
			name = Debug;
		};
		EB0E1B2B2E62838F0060F834 /* Release */ = {
			isa = XCBuildConfiguration;
			buildSettings = {
				ASSETCATALOG_COMPILER_GLOBAL_ACCENT_COLOR_NAME = AccentColor;
				ASSETCATALOG_COMPILER_WIDGET_BACKGROUND_COLOR_NAME = WidgetBackground;
				CODE_SIGN_ENTITLEMENTS = MygraWidgetsExtension.entitlements;
				CODE_SIGN_STYLE = Automatic;
				CURRENT_PROJECT_VERSION = 22;
				DEVELOPMENT_TEAM = R8Q8DM58C6;
				GENERATE_INFOPLIST_FILE = YES;
				INFOPLIST_FILE = MygraWidgets/Info.plist;
				INFOPLIST_KEY_CFBundleDisplayName = MygraWidgets;
				INFOPLIST_KEY_ITSAppUsesNonExemptEncryption = NO;
				INFOPLIST_KEY_NSHumanReadableCopyright = "";
				IPHONEOS_DEPLOYMENT_TARGET = 18.0;
				LD_RUNPATH_SEARCH_PATHS = (
					"$(inherited)",
					"@executable_path/Frameworks",
					"@executable_path/../../Frameworks",
				);
				MARKETING_VERSION = 1.2.0;
				PRODUCT_BUNDLE_IDENTIFIER = com.molargiksoftware.Mygra.MygraWidgets;
				PRODUCT_NAME = "$(TARGET_NAME)";
				SDKROOT = iphoneos;
				SKIP_INSTALL = YES;
				STRING_CATALOG_GENERATE_SYMBOLS = YES;
				SWIFT_APPROACHABLE_CONCURRENCY = YES;
				SWIFT_EMIT_LOC_STRINGS = YES;
				SWIFT_UPCOMING_FEATURE_MEMBER_IMPORT_VISIBILITY = YES;
				SWIFT_VERSION = 5.0;
				TARGETED_DEVICE_FAMILY = "1,2";
				VALIDATE_PRODUCT = YES;
			};
			name = Release;
		};
		EB290AF22E244A210061B1D0 /* Debug */ = {
			isa = XCBuildConfiguration;
			buildSettings = {
				ASSETCATALOG_COMPILER_APPICON_NAME = MygraIcon;
				ASSETCATALOG_COMPILER_GLOBAL_ACCENT_COLOR_NAME = AccentColor;
				ASSETCATALOG_COMPILER_INCLUDE_ALL_APPICON_ASSETS = YES;
				CODE_SIGN_ENTITLEMENTS = Mygra/Mygra.entitlements;
				CODE_SIGN_STYLE = Automatic;
				CURRENT_PROJECT_VERSION = 22;
				DEVELOPMENT_TEAM = R8Q8DM58C6;
				ENABLE_APP_SANDBOX = YES;
				ENABLE_HARDENED_RUNTIME = YES;
				ENABLE_INCOMING_NETWORK_CONNECTIONS = NO;
				ENABLE_OUTGOING_NETWORK_CONNECTIONS = YES;
				ENABLE_PREVIEWS = YES;
				ENABLE_RESOURCE_ACCESS_AUDIO_INPUT = NO;
				ENABLE_RESOURCE_ACCESS_BLUETOOTH = NO;
				ENABLE_RESOURCE_ACCESS_CALENDARS = NO;
				ENABLE_RESOURCE_ACCESS_CAMERA = NO;
				ENABLE_RESOURCE_ACCESS_CONTACTS = NO;
				ENABLE_RESOURCE_ACCESS_LOCATION = NO;
				ENABLE_RESOURCE_ACCESS_PRINTING = NO;
				ENABLE_RESOURCE_ACCESS_USB = NO;
				ENABLE_USER_SELECTED_FILES = readonly;
				GENERATE_INFOPLIST_FILE = YES;
				INFOPLIST_FILE = Mygra/Info.plist;
				INFOPLIST_KEY_CFBundleDisplayName = Mygra;
				INFOPLIST_KEY_LSApplicationCategoryType = "public.app-category.healthcare-fitness";
				INFOPLIST_KEY_NSHealthShareUsageDescription = "Mygra reads your health data to track potential migraine triggers like hydration and sleep.";
				INFOPLIST_KEY_NSHealthUpdateUsageDescription = "Mygra saves your water intake, calorie consumption, caffeine, and sleep data to HealthKit for better tracking";
				INFOPLIST_KEY_NSHumanReadableCopyright = "";
				INFOPLIST_KEY_NSLocationAlwaysAndWhenInUseUsageDescription = "Your location is used to proactively warn of potential environmental triggers.";
				INFOPLIST_KEY_NSLocationWhenInUseUsageDescription = "Your location is used to proactively warn of potential environmental triggers.";
				INFOPLIST_KEY_NSSupportsLiveActivities = YES;
				"INFOPLIST_KEY_UIApplicationSceneManifest_Generation[sdk=iphoneos*]" = YES;
				"INFOPLIST_KEY_UIApplicationSceneManifest_Generation[sdk=iphonesimulator*]" = YES;
				"INFOPLIST_KEY_UIApplicationSupportsIndirectInputEvents[sdk=iphoneos*]" = YES;
				"INFOPLIST_KEY_UIApplicationSupportsIndirectInputEvents[sdk=iphonesimulator*]" = YES;
				"INFOPLIST_KEY_UILaunchScreen_Generation[sdk=iphoneos*]" = YES;
				"INFOPLIST_KEY_UILaunchScreen_Generation[sdk=iphonesimulator*]" = YES;
				"INFOPLIST_KEY_UIStatusBarStyle[sdk=iphoneos*]" = UIStatusBarStyleDefault;
				"INFOPLIST_KEY_UIStatusBarStyle[sdk=iphonesimulator*]" = UIStatusBarStyleDefault;
				INFOPLIST_KEY_UISupportedInterfaceOrientations = UIInterfaceOrientationPortrait;
				INFOPLIST_KEY_UISupportedInterfaceOrientations_iPad = "UIInterfaceOrientationLandscapeLeft UIInterfaceOrientationLandscapeRight UIInterfaceOrientationPortrait UIInterfaceOrientationPortraitUpsideDown";
				IPHONEOS_DEPLOYMENT_TARGET = 18.0;
				LD_RUNPATH_SEARCH_PATHS = "@executable_path/Frameworks";
				"LD_RUNPATH_SEARCH_PATHS[sdk=macosx*]" = "@executable_path/../Frameworks";
				MACOSX_DEPLOYMENT_TARGET = 26.0;
				MARKETING_VERSION = 1.2.0;
				PRODUCT_BUNDLE_IDENTIFIER = com.molargiksoftware.Mygra;
				PRODUCT_NAME = "$(TARGET_NAME)";
				REGISTER_APP_GROUPS = YES;
				SDKROOT = auto;
				STRING_CATALOG_GENERATE_SYMBOLS = YES;
				SUPPORTED_PLATFORMS = "iphoneos iphonesimulator";
				SUPPORTS_MACCATALYST = NO;
				SUPPORTS_MAC_DESIGNED_FOR_IPHONE_IPAD = NO;
				SUPPORTS_XR_DESIGNED_FOR_IPHONE_IPAD = NO;
				SWIFT_APPROACHABLE_CONCURRENCY = YES;
				SWIFT_DEFAULT_ACTOR_ISOLATION = MainActor;
				SWIFT_EMIT_LOC_STRINGS = YES;
				SWIFT_UPCOMING_FEATURE_MEMBER_IMPORT_VISIBILITY = YES;
				SWIFT_VERSION = 5.0;
				TARGETED_DEVICE_FAMILY = "1,2";
				XROS_DEPLOYMENT_TARGET = 26.0;
			};
			name = Debug;
		};
		EB290AF32E244A210061B1D0 /* Release */ = {
			isa = XCBuildConfiguration;
			buildSettings = {
				ASSETCATALOG_COMPILER_APPICON_NAME = MygraIcon;
				ASSETCATALOG_COMPILER_GLOBAL_ACCENT_COLOR_NAME = AccentColor;
				ASSETCATALOG_COMPILER_INCLUDE_ALL_APPICON_ASSETS = YES;
				CODE_SIGN_ENTITLEMENTS = Mygra/Mygra.entitlements;
				CODE_SIGN_STYLE = Automatic;
				CURRENT_PROJECT_VERSION = 22;
				DEVELOPMENT_TEAM = R8Q8DM58C6;
				ENABLE_APP_SANDBOX = YES;
				ENABLE_HARDENED_RUNTIME = YES;
				ENABLE_INCOMING_NETWORK_CONNECTIONS = NO;
				ENABLE_OUTGOING_NETWORK_CONNECTIONS = YES;
				ENABLE_PREVIEWS = YES;
				ENABLE_RESOURCE_ACCESS_AUDIO_INPUT = NO;
				ENABLE_RESOURCE_ACCESS_BLUETOOTH = NO;
				ENABLE_RESOURCE_ACCESS_CALENDARS = NO;
				ENABLE_RESOURCE_ACCESS_CAMERA = NO;
				ENABLE_RESOURCE_ACCESS_CONTACTS = NO;
				ENABLE_RESOURCE_ACCESS_LOCATION = NO;
				ENABLE_RESOURCE_ACCESS_PRINTING = NO;
				ENABLE_RESOURCE_ACCESS_USB = NO;
				ENABLE_USER_SELECTED_FILES = readonly;
				GENERATE_INFOPLIST_FILE = YES;
				INFOPLIST_FILE = Mygra/Info.plist;
				INFOPLIST_KEY_CFBundleDisplayName = Mygra;
				INFOPLIST_KEY_LSApplicationCategoryType = "public.app-category.healthcare-fitness";
				INFOPLIST_KEY_NSHealthShareUsageDescription = "Mygra reads your health data to track potential migraine triggers like hydration and sleep.";
				INFOPLIST_KEY_NSHealthUpdateUsageDescription = "Mygra saves your water intake, calorie consumption, caffeine, and sleep data to HealthKit for better tracking";
				INFOPLIST_KEY_NSHumanReadableCopyright = "";
				INFOPLIST_KEY_NSLocationAlwaysAndWhenInUseUsageDescription = "Your location is used to proactively warn of potential environmental triggers.";
				INFOPLIST_KEY_NSLocationWhenInUseUsageDescription = "Your location is used to proactively warn of potential environmental triggers.";
				INFOPLIST_KEY_NSSupportsLiveActivities = YES;
				"INFOPLIST_KEY_UIApplicationSceneManifest_Generation[sdk=iphoneos*]" = YES;
				"INFOPLIST_KEY_UIApplicationSceneManifest_Generation[sdk=iphonesimulator*]" = YES;
				"INFOPLIST_KEY_UIApplicationSupportsIndirectInputEvents[sdk=iphoneos*]" = YES;
				"INFOPLIST_KEY_UIApplicationSupportsIndirectInputEvents[sdk=iphonesimulator*]" = YES;
				"INFOPLIST_KEY_UILaunchScreen_Generation[sdk=iphoneos*]" = YES;
				"INFOPLIST_KEY_UILaunchScreen_Generation[sdk=iphonesimulator*]" = YES;
				"INFOPLIST_KEY_UIStatusBarStyle[sdk=iphoneos*]" = UIStatusBarStyleDefault;
				"INFOPLIST_KEY_UIStatusBarStyle[sdk=iphonesimulator*]" = UIStatusBarStyleDefault;
				INFOPLIST_KEY_UISupportedInterfaceOrientations = UIInterfaceOrientationPortrait;
				INFOPLIST_KEY_UISupportedInterfaceOrientations_iPad = "UIInterfaceOrientationLandscapeLeft UIInterfaceOrientationLandscapeRight UIInterfaceOrientationPortrait UIInterfaceOrientationPortraitUpsideDown";
				IPHONEOS_DEPLOYMENT_TARGET = 18.0;
				LD_RUNPATH_SEARCH_PATHS = "@executable_path/Frameworks";
				"LD_RUNPATH_SEARCH_PATHS[sdk=macosx*]" = "@executable_path/../Frameworks";
				MACOSX_DEPLOYMENT_TARGET = 26.0;
				MARKETING_VERSION = 1.2.0;
				PRODUCT_BUNDLE_IDENTIFIER = com.molargiksoftware.Mygra;
				PRODUCT_NAME = "$(TARGET_NAME)";
				REGISTER_APP_GROUPS = YES;
				SDKROOT = auto;
				STRING_CATALOG_GENERATE_SYMBOLS = YES;
				SUPPORTED_PLATFORMS = "iphoneos iphonesimulator";
				SUPPORTS_MACCATALYST = NO;
				SUPPORTS_MAC_DESIGNED_FOR_IPHONE_IPAD = NO;
				SUPPORTS_XR_DESIGNED_FOR_IPHONE_IPAD = NO;
				SWIFT_APPROACHABLE_CONCURRENCY = YES;
				SWIFT_DEFAULT_ACTOR_ISOLATION = MainActor;
				SWIFT_EMIT_LOC_STRINGS = YES;
				SWIFT_UPCOMING_FEATURE_MEMBER_IMPORT_VISIBILITY = YES;
				SWIFT_VERSION = 5.0;
				TARGETED_DEVICE_FAMILY = "1,2";
				XROS_DEPLOYMENT_TARGET = 26.0;
			};
			name = Release;
		};
		EB290AF42E244A210061B1D0 /* Debug */ = {
			isa = XCBuildConfiguration;
			buildSettings = {
				ALWAYS_SEARCH_USER_PATHS = NO;
				ASSETCATALOG_COMPILER_GENERATE_SWIFT_ASSET_SYMBOL_EXTENSIONS = YES;
				CLANG_ANALYZER_NONNULL = YES;
				CLANG_ANALYZER_NUMBER_OBJECT_CONVERSION = YES_AGGRESSIVE;
				CLANG_CXX_LANGUAGE_STANDARD = "gnu++20";
				CLANG_ENABLE_MODULES = YES;
				CLANG_ENABLE_OBJC_ARC = YES;
				CLANG_ENABLE_OBJC_WEAK = YES;
				CLANG_WARN_BLOCK_CAPTURE_AUTORELEASING = YES;
				CLANG_WARN_BOOL_CONVERSION = YES;
				CLANG_WARN_COMMA = YES;
				CLANG_WARN_CONSTANT_CONVERSION = YES;
				CLANG_WARN_DEPRECATED_OBJC_IMPLEMENTATIONS = YES;
				CLANG_WARN_DIRECT_OBJC_ISA_USAGE = YES_ERROR;
				CLANG_WARN_DOCUMENTATION_COMMENTS = YES;
				CLANG_WARN_EMPTY_BODY = YES;
				CLANG_WARN_ENUM_CONVERSION = YES;
				CLANG_WARN_INFINITE_RECURSION = YES;
				CLANG_WARN_INT_CONVERSION = YES;
				CLANG_WARN_NON_LITERAL_NULL_CONVERSION = YES;
				CLANG_WARN_OBJC_IMPLICIT_RETAIN_SELF = YES;
				CLANG_WARN_OBJC_LITERAL_CONVERSION = YES;
				CLANG_WARN_OBJC_ROOT_CLASS = YES_ERROR;
				CLANG_WARN_QUOTED_INCLUDE_IN_FRAMEWORK_HEADER = YES;
				CLANG_WARN_RANGE_LOOP_ANALYSIS = YES;
				CLANG_WARN_STRICT_PROTOTYPES = YES;
				CLANG_WARN_SUSPICIOUS_MOVE = YES;
				CLANG_WARN_UNGUARDED_AVAILABILITY = YES_AGGRESSIVE;
				CLANG_WARN_UNREACHABLE_CODE = YES;
				CLANG_WARN__DUPLICATE_METHOD_MATCH = YES;
				COPY_PHASE_STRIP = NO;
				DEBUG_INFORMATION_FORMAT = dwarf;
				DEVELOPMENT_TEAM = R8Q8DM58C6;
				ENABLE_STRICT_OBJC_MSGSEND = YES;
				ENABLE_TESTABILITY = YES;
				ENABLE_USER_SCRIPT_SANDBOXING = YES;
				GCC_C_LANGUAGE_STANDARD = gnu17;
				GCC_DYNAMIC_NO_PIC = NO;
				GCC_NO_COMMON_BLOCKS = YES;
				GCC_OPTIMIZATION_LEVEL = 0;
				GCC_PREPROCESSOR_DEFINITIONS = (
					"DEBUG=1",
					"$(inherited)",
				);
				GCC_WARN_64_TO_32_BIT_CONVERSION = YES;
				GCC_WARN_ABOUT_RETURN_TYPE = YES_ERROR;
				GCC_WARN_UNDECLARED_SELECTOR = YES;
				GCC_WARN_UNINITIALIZED_AUTOS = YES_AGGRESSIVE;
				GCC_WARN_UNUSED_FUNCTION = YES;
				GCC_WARN_UNUSED_VARIABLE = YES;
				LOCALIZATION_PREFERS_STRING_CATALOGS = YES;
				MTL_ENABLE_DEBUG_INFO = INCLUDE_SOURCE;
				MTL_FAST_MATH = YES;
				ONLY_ACTIVE_ARCH = YES;
				SWIFT_ACTIVE_COMPILATION_CONDITIONS = "DEBUG $(inherited)";
				SWIFT_OPTIMIZATION_LEVEL = "-Onone";
			};
			name = Debug;
		};
		EB290AF52E244A210061B1D0 /* Release */ = {
			isa = XCBuildConfiguration;
			buildSettings = {
				ALWAYS_SEARCH_USER_PATHS = NO;
				ASSETCATALOG_COMPILER_GENERATE_SWIFT_ASSET_SYMBOL_EXTENSIONS = YES;
				CLANG_ANALYZER_NONNULL = YES;
				CLANG_ANALYZER_NUMBER_OBJECT_CONVERSION = YES_AGGRESSIVE;
				CLANG_CXX_LANGUAGE_STANDARD = "gnu++20";
				CLANG_ENABLE_MODULES = YES;
				CLANG_ENABLE_OBJC_ARC = YES;
				CLANG_ENABLE_OBJC_WEAK = YES;
				CLANG_WARN_BLOCK_CAPTURE_AUTORELEASING = YES;
				CLANG_WARN_BOOL_CONVERSION = YES;
				CLANG_WARN_COMMA = YES;
				CLANG_WARN_CONSTANT_CONVERSION = YES;
				CLANG_WARN_DEPRECATED_OBJC_IMPLEMENTATIONS = YES;
				CLANG_WARN_DIRECT_OBJC_ISA_USAGE = YES_ERROR;
				CLANG_WARN_DOCUMENTATION_COMMENTS = YES;
				CLANG_WARN_EMPTY_BODY = YES;
				CLANG_WARN_ENUM_CONVERSION = YES;
				CLANG_WARN_INFINITE_RECURSION = YES;
				CLANG_WARN_INT_CONVERSION = YES;
				CLANG_WARN_NON_LITERAL_NULL_CONVERSION = YES;
				CLANG_WARN_OBJC_IMPLICIT_RETAIN_SELF = YES;
				CLANG_WARN_OBJC_LITERAL_CONVERSION = YES;
				CLANG_WARN_OBJC_ROOT_CLASS = YES_ERROR;
				CLANG_WARN_QUOTED_INCLUDE_IN_FRAMEWORK_HEADER = YES;
				CLANG_WARN_RANGE_LOOP_ANALYSIS = YES;
				CLANG_WARN_STRICT_PROTOTYPES = YES;
				CLANG_WARN_SUSPICIOUS_MOVE = YES;
				CLANG_WARN_UNGUARDED_AVAILABILITY = YES_AGGRESSIVE;
				CLANG_WARN_UNREACHABLE_CODE = YES;
				CLANG_WARN__DUPLICATE_METHOD_MATCH = YES;
				COPY_PHASE_STRIP = NO;
				DEBUG_INFORMATION_FORMAT = "dwarf-with-dsym";
				DEVELOPMENT_TEAM = R8Q8DM58C6;
				ENABLE_NS_ASSERTIONS = NO;
				ENABLE_STRICT_OBJC_MSGSEND = YES;
				ENABLE_USER_SCRIPT_SANDBOXING = YES;
				GCC_C_LANGUAGE_STANDARD = gnu17;
				GCC_NO_COMMON_BLOCKS = YES;
				GCC_WARN_64_TO_32_BIT_CONVERSION = YES;
				GCC_WARN_ABOUT_RETURN_TYPE = YES_ERROR;
				GCC_WARN_UNDECLARED_SELECTOR = YES;
				GCC_WARN_UNINITIALIZED_AUTOS = YES_AGGRESSIVE;
				GCC_WARN_UNUSED_FUNCTION = YES;
				GCC_WARN_UNUSED_VARIABLE = YES;
				LOCALIZATION_PREFERS_STRING_CATALOGS = YES;
				MTL_ENABLE_DEBUG_INFO = NO;
				MTL_FAST_MATH = YES;
				SWIFT_COMPILATION_MODE = wholemodule;
			};
			name = Release;
		};
		EB290AF72E244A210061B1D0 /* Debug */ = {
			isa = XCBuildConfiguration;
			buildSettings = {
				BUNDLE_LOADER = "$(TEST_HOST)";
				CODE_SIGN_STYLE = Automatic;
				CURRENT_PROJECT_VERSION = 1;
				DEVELOPMENT_TEAM = R8Q8DM58C6;
				GENERATE_INFOPLIST_FILE = YES;
				IPHONEOS_DEPLOYMENT_TARGET = 18.0;
				MACOSX_DEPLOYMENT_TARGET = 15.6;
				MARKETING_VERSION = 1.0;
				PRODUCT_BUNDLE_IDENTIFIER = com.molargiksoftware.Mygra.MygraTests;
				PRODUCT_NAME = "$(TARGET_NAME)";
				SDKROOT = auto;
				STRING_CATALOG_GENERATE_SYMBOLS = NO;
				SUPPORTED_PLATFORMS = "iphoneos iphonesimulator macosx xros xrsimulator";
				SWIFT_APPROACHABLE_CONCURRENCY = YES;
				SWIFT_EMIT_LOC_STRINGS = NO;
				SWIFT_UPCOMING_FEATURE_MEMBER_IMPORT_VISIBILITY = YES;
				SWIFT_VERSION = 5.0;
				TARGETED_DEVICE_FAMILY = "1,2,7";
				TEST_HOST = "$(BUILT_PRODUCTS_DIR)/Mygra.app/$(BUNDLE_EXECUTABLE_FOLDER_PATH)/Mygra";
				XROS_DEPLOYMENT_TARGET = 26.0;
			};
			name = Debug;
		};
		EB290AF82E244A210061B1D0 /* Release */ = {
			isa = XCBuildConfiguration;
			buildSettings = {
				BUNDLE_LOADER = "$(TEST_HOST)";
				CODE_SIGN_STYLE = Automatic;
				CURRENT_PROJECT_VERSION = 1;
				DEVELOPMENT_TEAM = R8Q8DM58C6;
				GENERATE_INFOPLIST_FILE = YES;
				IPHONEOS_DEPLOYMENT_TARGET = 18.0;
				MACOSX_DEPLOYMENT_TARGET = 15.6;
				MARKETING_VERSION = 1.0;
				PRODUCT_BUNDLE_IDENTIFIER = com.molargiksoftware.Mygra.MygraTests;
				PRODUCT_NAME = "$(TARGET_NAME)";
				SDKROOT = auto;
				STRING_CATALOG_GENERATE_SYMBOLS = NO;
				SUPPORTED_PLATFORMS = "iphoneos iphonesimulator macosx xros xrsimulator";
				SWIFT_APPROACHABLE_CONCURRENCY = YES;
				SWIFT_EMIT_LOC_STRINGS = NO;
				SWIFT_UPCOMING_FEATURE_MEMBER_IMPORT_VISIBILITY = YES;
				SWIFT_VERSION = 5.0;
				TARGETED_DEVICE_FAMILY = "1,2,7";
				TEST_HOST = "$(BUILT_PRODUCTS_DIR)/Mygra.app/$(BUNDLE_EXECUTABLE_FOLDER_PATH)/Mygra";
				XROS_DEPLOYMENT_TARGET = 26.0;
			};
			name = Release;
		};
		EB290AFA2E244A210061B1D0 /* Debug */ = {
			isa = XCBuildConfiguration;
			buildSettings = {
				CODE_SIGN_STYLE = Automatic;
				CURRENT_PROJECT_VERSION = 1;
				DEVELOPMENT_TEAM = R8Q8DM58C6;
				GENERATE_INFOPLIST_FILE = YES;
				IPHONEOS_DEPLOYMENT_TARGET = 18.0;
				MACOSX_DEPLOYMENT_TARGET = 15.6;
				MARKETING_VERSION = 1.0;
				PRODUCT_BUNDLE_IDENTIFIER = com.molargiksoftware.Mygra.MygraUITests;
				PRODUCT_NAME = "$(TARGET_NAME)";
				SDKROOT = auto;
				STRING_CATALOG_GENERATE_SYMBOLS = NO;
				SUPPORTED_PLATFORMS = "iphoneos iphonesimulator macosx xros xrsimulator";
				SWIFT_APPROACHABLE_CONCURRENCY = YES;
				SWIFT_EMIT_LOC_STRINGS = NO;
				SWIFT_UPCOMING_FEATURE_MEMBER_IMPORT_VISIBILITY = YES;
				SWIFT_VERSION = 5.0;
				TARGETED_DEVICE_FAMILY = "1,2,7";
				TEST_TARGET_NAME = Mygra;
				XROS_DEPLOYMENT_TARGET = 26.0;
			};
			name = Debug;
		};
		EB290AFB2E244A210061B1D0 /* Release */ = {
			isa = XCBuildConfiguration;
			buildSettings = {
				CODE_SIGN_STYLE = Automatic;
				CURRENT_PROJECT_VERSION = 1;
				DEVELOPMENT_TEAM = R8Q8DM58C6;
				GENERATE_INFOPLIST_FILE = YES;
				IPHONEOS_DEPLOYMENT_TARGET = 18.0;
				MACOSX_DEPLOYMENT_TARGET = 15.6;
				MARKETING_VERSION = 1.0;
				PRODUCT_BUNDLE_IDENTIFIER = com.molargiksoftware.Mygra.MygraUITests;
				PRODUCT_NAME = "$(TARGET_NAME)";
				SDKROOT = auto;
				STRING_CATALOG_GENERATE_SYMBOLS = NO;
				SUPPORTED_PLATFORMS = "iphoneos iphonesimulator macosx xros xrsimulator";
				SWIFT_APPROACHABLE_CONCURRENCY = YES;
				SWIFT_EMIT_LOC_STRINGS = NO;
				SWIFT_UPCOMING_FEATURE_MEMBER_IMPORT_VISIBILITY = YES;
				SWIFT_VERSION = 5.0;
				TARGETED_DEVICE_FAMILY = "1,2,7";
				TEST_TARGET_NAME = Mygra;
				XROS_DEPLOYMENT_TARGET = 26.0;
			};
			name = Release;
		};
/* End XCBuildConfiguration section */

/* Begin XCConfigurationList section */
		EB0E1B292E62838F0060F834 /* Build configuration list for PBXNativeTarget "MygraWidgetsExtension" */ = {
			isa = XCConfigurationList;
			buildConfigurations = (
				EB0E1B2A2E62838F0060F834 /* Debug */,
				EB0E1B2B2E62838F0060F834 /* Release */,
			);
			defaultConfigurationIsVisible = 0;
			defaultConfigurationName = Release;
		};
		EB290AC82E244A200061B1D0 /* Build configuration list for PBXProject "Mygra" */ = {
			isa = XCConfigurationList;
			buildConfigurations = (
				EB290AF42E244A210061B1D0 /* Debug */,
				EB290AF52E244A210061B1D0 /* Release */,
			);
			defaultConfigurationIsVisible = 0;
			defaultConfigurationName = Release;
		};
		EB290AF12E244A210061B1D0 /* Build configuration list for PBXNativeTarget "Mygra" */ = {
			isa = XCConfigurationList;
			buildConfigurations = (
				EB290AF22E244A210061B1D0 /* Debug */,
				EB290AF32E244A210061B1D0 /* Release */,
			);
			defaultConfigurationIsVisible = 0;
			defaultConfigurationName = Release;
		};
		EB290AF62E244A210061B1D0 /* Build configuration list for PBXNativeTarget "MygraTests" */ = {
			isa = XCConfigurationList;
			buildConfigurations = (
				EB290AF72E244A210061B1D0 /* Debug */,
				EB290AF82E244A210061B1D0 /* Release */,
			);
			defaultConfigurationIsVisible = 0;
			defaultConfigurationName = Release;
		};
		EB290AF92E244A210061B1D0 /* Build configuration list for PBXNativeTarget "MygraUITests" */ = {
			isa = XCConfigurationList;
			buildConfigurations = (
				EB290AFA2E244A210061B1D0 /* Debug */,
				EB290AFB2E244A210061B1D0 /* Release */,
			);
			defaultConfigurationIsVisible = 0;
			defaultConfigurationName = Release;
		};
/* End XCConfigurationList section */
	};
	rootObject = EB290AC52E244A200061B1D0 /* Project object */;
}
